
Microsoft Visual Studio Solution File, Format Version 12.00
# Visual Studio Version 17
VisualStudioVersion = 17.3.32929.385
MinimumVisualStudioVersion = 10.0.40219.1
Project("{FAE04EC0-301F-11D3-BF4B-00C04F79EFBC}") = "MauiToolkit", "MauiToolkit\MauiToolkit.csproj", "{BF502D09-2C49-4739-BD8C-A78D297122C7}"
EndProject
Global
	GlobalSection(SolutionConfigurationPlatforms) = preSolution
		Debug|Any CPU = Debug|Any CPU
		Release|Any CPU = Release|Any CPU
	EndGlobalSection
	GlobalSection(ProjectConfigurationPlatforms) = postSolution
		{BF502D09-2C49-4739-BD8C-A78D297122C7}.Debug|Any CPU.ActiveCfg = Debug|Any CPU
		{BF502D09-2C49-4739-BD8C-A78D297122C7}.Debug|Any CPU.Build.0 = Debug|Any CPU
		{BF502D09-2C49-4739-BD8C-A78D297122C7}.Release|Any CPU.ActiveCfg = Release|Any CPU
		{BF502D09-2C49-4739-BD8C-A78D297122C7}.Release|Any CPU.Build.0 = Release|Any CPU
	EndGlobalSection
	GlobalSection(SolutionProperties) = preSolution
		HideSolutionNode = FALSE
	EndGlobalSection
	GlobalSection(ExtensibilityGlobals) = postSolution
		SolutionGuid = {6AFC64ED-6557-46E4-9E53-7CA89DFA768F}
	EndGlobalSection
EndGlobal
